
Microsoft Visual Studio Solution File, Format Version 12.00
# Visual Studio Version 16
VisualStudioVersion = 16.0.30804.86
MinimumVisualStudioVersion = 10.0.40219.1
Project("{FAE04EC0-301F-11D3-BF4B-00C04F79EFBC}") = "Tarefa01", "Tarefa01\Tarefa01.csproj", "{863F4106-E837-47D2-90ED-A3A5AEBD43E6}"
EndProject
Project("{FAE04EC0-301F-11D3-BF4B-00C04F79EFBC}") = "Tarefa03", "Tarefa03\Tarefa03.csproj", "{B23C814E-D906-4A70-AD31-CAB6070F362A}"
EndProject
Global
	GlobalSection(SolutionConfigurationPlatforms) = preSolution
		Debug|Any CPU = Debug|Any CPU
		Release|Any CPU = Release|Any CPU
	EndGlobalSection
	GlobalSection(ProjectConfigurationPlatforms) = postSolution
		{863F4106-E837-47D2-90ED-A3A5AEBD43E6}.Debug|Any CPU.ActiveCfg = Debug|Any CPU
		{863F4106-E837-47D2-90ED-A3A5AEBD43E6}.Debug|Any CPU.Build.0 = Debug|Any CPU
		{863F4106-E837-47D2-90ED-A3A5AEBD43E6}.Release|Any CPU.ActiveCfg = Release|Any CPU
		{863F4106-E837-47D2-90ED-A3A5AEBD43E6}.Release|Any CPU.Build.0 = Release|Any CPU
		{B23C814E-D906-4A70-AD31-CAB6070F362A}.Debug|Any CPU.ActiveCfg = Debug|Any CPU
		{B23C814E-D906-4A70-AD31-CAB6070F362A}.Debug|Any CPU.Build.0 = Debug|Any CPU
		{B23C814E-D906-4A70-AD31-CAB6070F362A}.Release|Any CPU.ActiveCfg = Release|Any CPU
		{B23C814E-D906-4A70-AD31-CAB6070F362A}.Release|Any CPU.Build.0 = Release|Any CPU
	EndGlobalSection
	GlobalSection(SolutionProperties) = preSolution
		HideSolutionNode = FALSE
	EndGlobalSection
	GlobalSection(ExtensibilityGlobals) = postSolution
		SolutionGuid = {43C5FC50-11FC-4A8F-9C87-282B3AA80754}
	EndGlobalSection
EndGlobal
